
Microsoft Visual Studio Solution File, Format Version 12.00
# Visual Studio Version 16
VisualStudioVersion = 16.0.31005.135
MinimumVisualStudioVersion = 10.0.40219.1
Project("{FAE04EC0-301F-11D3-BF4B-00C04F79EFBC}") = "ProductClient", "ProductClient\ProductClient.csproj", "{8D34262D-1922-4D51-84D4-CF695FA937B6}"
EndProject
Global
	GlobalSection(SolutionConfigurationPlatforms) = preSolution
		Debug|Any CPU = Debug|Any CPU
		Release|Any CPU = Release|Any CPU
	EndGlobalSection
	GlobalSection(ProjectConfigurationPlatforms) = postSolution
		{8D34262D-1922-4D51-84D4-CF695FA937B6}.Debug|Any CPU.ActiveCfg = Debug|Any CPU
		{8D34262D-1922-4D51-84D4-CF695FA937B6}.Debug|Any CPU.Build.0 = Debug|Any CPU
		{8D34262D-1922-4D51-84D4-CF695FA937B6}.Release|Any CPU.ActiveCfg = Release|Any CPU
		{8D34262D-1922-4D51-84D4-CF695FA937B6}.Release|Any CPU.Build.0 = Release|Any CPU
	EndGlobalSection
	GlobalSection(SolutionProperties) = preSolution
		HideSolutionNode = FALSE
	EndGlobalSection
	GlobalSection(ExtensibilityGlobals) = postSolution
		SolutionGuid = {3CC8D70F-7F32-4AE9-8E93-6C655600D641}
	EndGlobalSection
EndGlobal
